// !$*UTF8*$!
{
	archiveVersion = 1;
	classes = {
	};
	objectVersion = 46;
	objects = {

/* Begin PBXBuildFile section */
		25171411D2CE4F16A30A692E /* libPods.a in Frameworks */ = {isa = PBXBuildFile; fileRef = 33A963CD03A043A6AC9FB490 /* libPods.a */; };
		691727FD19CA29880036FC8D /* Foundation.framework in Frameworks */ = {isa = PBXBuildFile; fileRef = 691727FC19CA29880036FC8D /* Foundation.framework */; };
		691727FF19CA29880036FC8D /* CoreGraphics.framework in Frameworks */ = {isa = PBXBuildFile; fileRef = 691727FE19CA29880036FC8D /* CoreGraphics.framework */; };
		6917280119CA29880036FC8D /* UIKit.framework in Frameworks */ = {isa = PBXBuildFile; fileRef = 6917280019CA29880036FC8D /* UIKit.framework */; };
		6917280719CA29880036FC8D /* InfoPlist.strings in Resources */ = {isa = PBXBuildFile; fileRef = 6917280519CA29880036FC8D /* InfoPlist.strings */; };
		6917280919CA29880036FC8D /* main.m in Sources */ = {isa = PBXBuildFile; fileRef = 6917280819CA29880036FC8D /* main.m */; };
		6917280D19CA29880036FC8D /* AppDelegate.m in Sources */ = {isa = PBXBuildFile; fileRef = 6917280C19CA29880036FC8D /* AppDelegate.m */; };
		6917280F19CA29880036FC8D /* Images.xcassets in Resources */ = {isa = PBXBuildFile; fileRef = 6917280E19CA29880036FC8D /* Images.xcassets */; };
		6917281619CA29880036FC8D /* XCTest.framework in Frameworks */ = {isa = PBXBuildFile; fileRef = 6917281519CA29880036FC8D /* XCTest.framework */; };
		6917281719CA29880036FC8D /* Foundation.framework in Frameworks */ = {isa = PBXBuildFile; fileRef = 691727FC19CA29880036FC8D /* Foundation.framework */; };
		6917281819CA29880036FC8D /* UIKit.framework in Frameworks */ = {isa = PBXBuildFile; fileRef = 6917280019CA29880036FC8D /* UIKit.framework */; };
		6917282019CA29880036FC8D /* InfoPlist.strings in Resources */ = {isa = PBXBuildFile; fileRef = 6917281E19CA29880036FC8D /* InfoPlist.strings */; };
		6917282219CA29880036FC8D /* rottenTomatoesTests.m in Sources */ = {isa = PBXBuildFile; fileRef = 6917282119CA29880036FC8D /* rottenTomatoesTests.m */; };
		6917282E19CA2C050036FC8D /* MoviesViewController.m in Sources */ = {isa = PBXBuildFile; fileRef = 6917282C19CA2C050036FC8D /* MoviesViewController.m */; };
		6917282F19CA2C050036FC8D /* MoviesViewController.xib in Resources */ = {isa = PBXBuildFile; fileRef = 6917282D19CA2C050036FC8D /* MoviesViewController.xib */; };
		69686B0019CA6D4400A661BB /* DetailsViewController.m in Sources */ = {isa = PBXBuildFile; fileRef = 69686AFE19CA6D4400A661BB /* DetailsViewController.m */; };
		69686B0119CA6D4400A661BB /* DetailsViewController.xib in Resources */ = {isa = PBXBuildFile; fileRef = 69686AFF19CA6D4400A661BB /* DetailsViewController.xib */; };
		69B9590C19CA44EF00420836 /* MovieCell.m in Sources */ = {isa = PBXBuildFile; fileRef = 69B9590A19CA44EF00420836 /* MovieCell.m */; };
		69B9590D19CA44EF00420836 /* MovieCell.xib in Resources */ = {isa = PBXBuildFile; fileRef = 69B9590B19CA44EF00420836 /* MovieCell.xib */; };
/* End PBXBuildFile section */

/* Begin PBXContainerItemProxy section */
		6917281919CA29880036FC8D /* PBXContainerItemProxy */ = {
			isa = PBXContainerItemProxy;
			containerPortal = 691727F119CA29880036FC8D /* Project object */;
			proxyType = 1;
			remoteGlobalIDString = 691727F819CA29880036FC8D;
			remoteInfo = rottenTomatoes;
		};
/* End PBXContainerItemProxy section */

/* Begin PBXFileReference section */
		33A963CD03A043A6AC9FB490 /* libPods.a */ = {isa = PBXFileReference; explicitFileType = archive.ar; includeInIndex = 0; path = libPods.a; sourceTree = BUILT_PRODUCTS_DIR; };
		691727F919CA29880036FC8D /* rottenTomatoes.app */ = {isa = PBXFileReference; explicitFileType = wrapper.application; includeInIndex = 0; path = rottenTomatoes.app; sourceTree = BUILT_PRODUCTS_DIR; };
		691727FC19CA29880036FC8D /* Foundation.framework */ = {isa = PBXFileReference; lastKnownFileType = wrapper.framework; name = Foundation.framework; path = System/Library/Frameworks/Foundation.framework; sourceTree = SDKROOT; };
		691727FE19CA29880036FC8D /* CoreGraphics.framework */ = {isa = PBXFileReference; lastKnownFileType = wrapper.framework; name = CoreGraphics.framework; path = System/Library/Frameworks/CoreGraphics.framework; sourceTree = SDKROOT; };
		6917280019CA29880036FC8D /* UIKit.framework */ = {isa = PBXFileReference; lastKnownFileType = wrapper.framework; name = UIKit.framework; path = System/Library/Frameworks/UIKit.framework; sourceTree = SDKROOT; };
		6917280419CA29880036FC8D /* rottenTomatoes-Info.plist */ = {isa = PBXFileReference; lastKnownFileType = text.plist.xml; path = "rottenTomatoes-Info.plist"; sourceTree = "<group>"; };
		6917280619CA29880036FC8D /* en */ = {isa = PBXFileReference; lastKnownFileType = text.plist.strings; name = en; path = en.lproj/InfoPlist.strings; sourceTree = "<group>"; };
		6917280819CA29880036FC8D /* main.m */ = {isa = PBXFileReference; lastKnownFileType = sourcecode.c.objc; path = main.m; sourceTree = "<group>"; };
		6917280A19CA29880036FC8D /* rottenTomatoes-Prefix.pch */ = {isa = PBXFileReference; lastKnownFileType = sourcecode.c.h; path = "rottenTomatoes-Prefix.pch"; sourceTree = "<group>"; };
		6917280B19CA29880036FC8D /* AppDelegate.h */ = {isa = PBXFileReference; lastKnownFileType = sourcecode.c.h; path = AppDelegate.h; sourceTree = "<group>"; };
		6917280C19CA29880036FC8D /* AppDelegate.m */ = {isa = PBXFileReference; lastKnownFileType = sourcecode.c.objc; path = AppDelegate.m; sourceTree = "<group>"; };
		6917280E19CA29880036FC8D /* Images.xcassets */ = {isa = PBXFileReference; lastKnownFileType = folder.assetcatalog; path = Images.xcassets; sourceTree = "<group>"; };
		6917281419CA29880036FC8D /* rottenTomatoesTests.xctest */ = {isa = PBXFileReference; explicitFileType = wrapper.cfbundle; includeInIndex = 0; path = rottenTomatoesTests.xctest; sourceTree = BUILT_PRODUCTS_DIR; };
		6917281519CA29880036FC8D /* XCTest.framework */ = {isa = PBXFileReference; lastKnownFileType = wrapper.framework; name = XCTest.framework; path = Library/Frameworks/XCTest.framework; sourceTree = DEVELOPER_DIR; };
		6917281D19CA29880036FC8D /* rottenTomatoesTests-Info.plist */ = {isa = PBXFileReference; lastKnownFileType = text.plist.xml; path = "rottenTomatoesTests-Info.plist"; sourceTree = "<group>"; };
		6917281F19CA29880036FC8D /* en */ = {isa = PBXFileReference; lastKnownFileType = text.plist.strings; name = en; path = en.lproj/InfoPlist.strings; sourceTree = "<group>"; };
		6917282119CA29880036FC8D /* rottenTomatoesTests.m */ = {isa = PBXFileReference; lastKnownFileType = sourcecode.c.objc; path = rottenTomatoesTests.m; sourceTree = "<group>"; };
		6917282B19CA2C050036FC8D /* MoviesViewController.h */ = {isa = PBXFileReference; fileEncoding = 4; lastKnownFileType = sourcecode.c.h; path = MoviesViewController.h; sourceTree = "<group>"; };
		6917282C19CA2C050036FC8D /* MoviesViewController.m */ = {isa = PBXFileReference; fileEncoding = 4; lastKnownFileType = sourcecode.c.objc; path = MoviesViewController.m; sourceTree = "<group>"; };
		6917282D19CA2C050036FC8D /* MoviesViewController.xib */ = {isa = PBXFileReference; fileEncoding = 4; lastKnownFileType = file.xib; path = MoviesViewController.xib; sourceTree = "<group>"; };
		69686AFD19CA6D4400A661BB /* DetailsViewController.h */ = {isa = PBXFileReference; fileEncoding = 4; lastKnownFileType = sourcecode.c.h; path = DetailsViewController.h; sourceTree = "<group>"; };
		69686AFE19CA6D4400A661BB /* DetailsViewController.m */ = {isa = PBXFileReference; fileEncoding = 4; lastKnownFileType = sourcecode.c.objc; path = DetailsViewController.m; sourceTree = "<group>"; };
		69686AFF19CA6D4400A661BB /* DetailsViewController.xib */ = {isa = PBXFileReference; fileEncoding = 4; lastKnownFileType = file.xib; path = DetailsViewController.xib; sourceTree = "<group>"; };
		69B9590919CA44EF00420836 /* MovieCell.h */ = {isa = PBXFileReference; fileEncoding = 4; lastKnownFileType = sourcecode.c.h; path = MovieCell.h; sourceTree = "<group>"; };
		69B9590A19CA44EF00420836 /* MovieCell.m */ = {isa = PBXFileReference; fileEncoding = 4; lastKnownFileType = sourcecode.c.objc; path = MovieCell.m; sourceTree = "<group>"; };
		69B9590B19CA44EF00420836 /* MovieCell.xib */ = {isa = PBXFileReference; fileEncoding = 4; lastKnownFileType = file.xib; path = MovieCell.xib; sourceTree = "<group>"; };
		C6C232C8BE854B458918AC60 /* Pods.xcconfig */ = {isa = PBXFileReference; includeInIndex = 1; lastKnownFileType = text.xcconfig; name = Pods.xcconfig; path = Pods/Pods.xcconfig; sourceTree = "<group>"; };
/* End PBXFileReference section */

/* Begin PBXFrameworksBuildPhase section */
		691727F619CA29880036FC8D /* Frameworks */ = {
			isa = PBXFrameworksBuildPhase;
			buildActionMask = 2147483647;
			files = (
				691727FF19CA29880036FC8D /* CoreGraphics.framework in Frameworks */,
				6917280119CA29880036FC8D /* UIKit.framework in Frameworks */,
				691727FD19CA29880036FC8D /* Foundation.framework in Frameworks */,
				25171411D2CE4F16A30A692E /* libPods.a in Frameworks */,
			);
			runOnlyForDeploymentPostprocessing = 0;
		};
		6917281119CA29880036FC8D /* Frameworks */ = {
			isa = PBXFrameworksBuildPhase;
			buildActionMask = 2147483647;
			files = (
				6917281619CA29880036FC8D /* XCTest.framework in Frameworks */,
				6917281819CA29880036FC8D /* UIKit.framework in Frameworks */,
				6917281719CA29880036FC8D /* Foundation.framework in Frameworks */,
			);
			runOnlyForDeploymentPostprocessing = 0;
		};
/* End PBXFrameworksBuildPhase section */

/* Begin PBXGroup section */
		691727F019CA29880036FC8D = {
			isa = PBXGroup;
			children = (
				6917280219CA29880036FC8D /* rottenTomatoes */,
				6917281B19CA29880036FC8D /* rottenTomatoesTests */,
				691727FB19CA29880036FC8D /* Frameworks */,
				691727FA19CA29880036FC8D /* Products */,
				C6C232C8BE854B458918AC60 /* Pods.xcconfig */,
			);
			sourceTree = "<group>";
		};
		691727FA19CA29880036FC8D /* Products */ = {
			isa = PBXGroup;
			children = (
				691727F919CA29880036FC8D /* rottenTomatoes.app */,
				6917281419CA29880036FC8D /* rottenTomatoesTests.xctest */,
			);
			name = Products;
			sourceTree = "<group>";
		};
		691727FB19CA29880036FC8D /* Frameworks */ = {
			isa = PBXGroup;
			children = (
				691727FC19CA29880036FC8D /* Foundation.framework */,
				691727FE19CA29880036FC8D /* CoreGraphics.framework */,
				6917280019CA29880036FC8D /* UIKit.framework */,
				6917281519CA29880036FC8D /* XCTest.framework */,
				33A963CD03A043A6AC9FB490 /* libPods.a */,
			);
			name = Frameworks;
			sourceTree = "<group>";
		};
		6917280219CA29880036FC8D /* rottenTomatoes */ = {
			isa = PBXGroup;
			children = (
				69B9590819CA44D300420836 /* Views */,
				6917283019CA2C560036FC8D /* View Controllers */,
				6917280B19CA29880036FC8D /* AppDelegate.h */,
				6917280C19CA29880036FC8D /* AppDelegate.m */,
				6917280E19CA29880036FC8D /* Images.xcassets */,
				6917280319CA29880036FC8D /* Supporting Files */,
			);
			path = rottenTomatoes;
			sourceTree = "<group>";
		};
		6917280319CA29880036FC8D /* Supporting Files */ = {
			isa = PBXGroup;
			children = (
				6917280419CA29880036FC8D /* rottenTomatoes-Info.plist */,
				6917280519CA29880036FC8D /* InfoPlist.strings */,
				6917280819CA29880036FC8D /* main.m */,
				6917280A19CA29880036FC8D /* rottenTomatoes-Prefix.pch */,
			);
			name = "Supporting Files";
			sourceTree = "<group>";
		};
		6917281B19CA29880036FC8D /* rottenTomatoesTests */ = {
			isa = PBXGroup;
			children = (
				6917282119CA29880036FC8D /* rottenTomatoesTests.m */,
				6917281C19CA29880036FC8D /* Supporting Files */,
			);
			path = rottenTomatoesTests;
			sourceTree = "<group>";
		};
		6917281C19CA29880036FC8D /* Supporting Files */ = {
			isa = PBXGroup;
			children = (
				6917281D19CA29880036FC8D /* rottenTomatoesTests-Info.plist */,
				6917281E19CA29880036FC8D /* InfoPlist.strings */,
			);
			name = "Supporting Files";
			sourceTree = "<group>";
		};
		6917283019CA2C560036FC8D /* View Controllers */ = {
			isa = PBXGroup;
			children = (
				6917282B19CA2C050036FC8D /* MoviesViewController.h */,
				6917282C19CA2C050036FC8D /* MoviesViewController.m */,
				6917282D19CA2C050036FC8D /* MoviesViewController.xib */,
				69686AFD19CA6D4400A661BB /* DetailsViewController.h */,
				69686AFE19CA6D4400A661BB /* DetailsViewController.m */,
				69686AFF19CA6D4400A661BB /* DetailsViewController.xib */,
			);
			name = "View Controllers";
			sourceTree = "<group>";
		};
		69B9590819CA44D300420836 /* Views */ = {
			isa = PBXGroup;
			children = (
				69B9590919CA44EF00420836 /* MovieCell.h */,
				69B9590A19CA44EF00420836 /* MovieCell.m */,
				69B9590B19CA44EF00420836 /* MovieCell.xib */,
			);
			name = Views;
			sourceTree = "<group>";
		};
/* End PBXGroup section */

/* Begin PBXNativeTarget section */
		691727F819CA29880036FC8D /* rottenTomatoes */ = {
			isa = PBXNativeTarget;
			buildConfigurationList = 6917282519CA29880036FC8D /* Build configuration list for PBXNativeTarget "rottenTomatoes" */;
			buildPhases = (
				24C3924732974CBC9C3024E1 /* Check Pods Manifest.lock */,
				691727F519CA29880036FC8D /* Sources */,
				691727F619CA29880036FC8D /* Frameworks */,
				691727F719CA29880036FC8D /* Resources */,
				D768C12248F44C2A902AD01B /* Copy Pods Resources */,
			);
			buildRules = (
			);
			dependencies = (
			);
			name = rottenTomatoes;
			productName = rottenTomatoes;
			productReference = 691727F919CA29880036FC8D /* rottenTomatoes.app */;
			productType = "com.apple.product-type.application";
		};
		6917281319CA29880036FC8D /* rottenTomatoesTests */ = {
			isa = PBXNativeTarget;
			buildConfigurationList = 6917282819CA29880036FC8D /* Build configuration list for PBXNativeTarget "rottenTomatoesTests" */;
			buildPhases = (
				6917281019CA29880036FC8D /* Sources */,
				6917281119CA29880036FC8D /* Frameworks */,
				6917281219CA29880036FC8D /* Resources */,
			);
			buildRules = (
			);
			dependencies = (
				6917281A19CA29880036FC8D /* PBXTargetDependency */,
			);
			name = rottenTomatoesTests;
			productName = rottenTomatoesTests;
			productReference = 6917281419CA29880036FC8D /* rottenTomatoesTests.xctest */;
			productType = "com.apple.product-type.bundle.unit-test";
		};
/* End PBXNativeTarget section */

/* Begin PBXProject section */
		691727F119CA29880036FC8D /* Project object */ = {
			isa = PBXProject;
			attributes = {
				LastUpgradeCheck = 0510;
				ORGANIZATIONNAME = codepath;
				TargetAttributes = {
					6917281319CA29880036FC8D = {
						TestTargetID = 691727F819CA29880036FC8D;
					};
				};
			};
			buildConfigurationList = 691727F419CA29880036FC8D /* Build configuration list for PBXProject "rottenTomatoes" */;
			compatibilityVersion = "Xcode 3.2";
			developmentRegion = English;
			hasScannedForEncodings = 0;
			knownRegions = (
				en,
			);
			mainGroup = 691727F019CA29880036FC8D;
			productRefGroup = 691727FA19CA29880036FC8D /* Products */;
			projectDirPath = "";
			projectRoot = "";
			targets = (
				691727F819CA29880036FC8D /* rottenTomatoes */,
				6917281319CA29880036FC8D /* rottenTomatoesTests */,
			);
		};
/* End PBXProject section */

/* Begin PBXResourcesBuildPhase section */
		691727F719CA29880036FC8D /* Resources */ = {
			isa = PBXResourcesBuildPhase;
			buildActionMask = 2147483647;
			files = (
				6917280719CA29880036FC8D /* InfoPlist.strings in Resources */,
				6917282F19CA2C050036FC8D /* MoviesViewController.xib in Resources */,
				69686B0119CA6D4400A661BB /* DetailsViewController.xib in Resources */,
				69B9590D19CA44EF00420836 /* MovieCell.xib in Resources */,
				6917280F19CA29880036FC8D /* Images.xcassets in Resources */,
			);
			runOnlyForDeploymentPostprocessing = 0;
		};
		6917281219CA29880036FC8D /* Resources */ = {
			isa = PBXResourcesBuildPhase;
			buildActionMask = 2147483647;
			files = (
				6917282019CA29880036FC8D /* InfoPlist.strings in Resources */,
			);
			runOnlyForDeploymentPostprocessing = 0;
		};
/* End PBXResourcesBuildPhase section */

/* Begin PBXShellScriptBuildPhase section */
		24C3924732974CBC9C3024E1 /* Check Pods Manifest.lock */ = {
			isa = PBXShellScriptBuildPhase;
			buildActionMask = 2147483647;
			files = (
			);
			inputPaths = (
			);
			name = "Check Pods Manifest.lock";
			outputPaths = (
			);
			runOnlyForDeploymentPostprocessing = 0;
			shellPath = /bin/sh;
			shellScript = "diff \"${PODS_ROOT}/../Podfile.lock\" \"${PODS_ROOT}/Manifest.lock\" > /dev/null\nif [[ $? != 0 ]] ; then\n    cat << EOM\nerror: The sandbox is not in sync with the Podfile.lock. Run 'pod install' or update your CocoaPods installation.\nEOM\n    exit 1\nfi\n";
			showEnvVarsInLog = 0;
		};
		D768C12248F44C2A902AD01B /* Copy Pods Resources */ = {
			isa = PBXShellScriptBuildPhase;
			buildActionMask = 2147483647;
			files = (
			);
			inputPaths = (
			);
			name = "Copy Pods Resources";
			outputPaths = (
			);
			runOnlyForDeploymentPostprocessing = 0;
			shellPath = /bin/sh;
			shellScript = "\"${SRCROOT}/Pods/Pods-resources.sh\"\n";
			showEnvVarsInLog = 0;
		};
/* End PBXShellScriptBuildPhase section */

/* Begin PBXSourcesBuildPhase section */
		691727F519CA29880036FC8D /* Sources */ = {
			isa = PBXSourcesBuildPhase;
			buildActionMask = 2147483647;
			files = (
				6917282E19CA2C050036FC8D /* MoviesViewController.m in Sources */,
				69686B0019CA6D4400A661BB /* DetailsViewController.m in Sources */,
				6917280D19CA29880036FC8D /* AppDelegate.m in Sources */,
				69B9590C19CA44EF00420836 /* MovieCell.m in Sources */,
				6917280919CA29880036FC8D /* main.m in Sources */,
			);
			runOnlyForDeploymentPostprocessing = 0;
		};
		6917281019CA29880036FC8D /* Sources */ = {
			isa = PBXSourcesBuildPhase;
			buildActionMask = 2147483647;
			files = (
				6917282219CA29880036FC8D /* rottenTomatoesTests.m in Sources */,
			);
			runOnlyForDeploymentPostprocessing = 0;
		};
/* End PBXSourcesBuildPhase section */

/* Begin PBXTargetDependency section */
		6917281A19CA29880036FC8D /* PBXTargetDependency */ = {
			isa = PBXTargetDependency;
			target = 691727F819CA29880036FC8D /* rottenTomatoes */;
			targetProxy = 6917281919CA29880036FC8D /* PBXContainerItemProxy */;
		};
/* End PBXTargetDependency section */

/* Begin PBXVariantGroup section */
		6917280519CA29880036FC8D /* InfoPlist.strings */ = {
			isa = PBXVariantGroup;
			children = (
				6917280619CA29880036FC8D /* en */,
			);
			name = InfoPlist.strings;
			sourceTree = "<group>";
		};
		6917281E19CA29880036FC8D /* InfoPlist.strings */ = {
			isa = PBXVariantGroup;
			children = (
				6917281F19CA29880036FC8D /* en */,
			);
			name = InfoPlist.strings;
			sourceTree = "<group>";
		};
/* End PBXVariantGroup section */

/* Begin XCBuildConfiguration section */
		6917282319CA29880036FC8D /* Debug */ = {
			isa = XCBuildConfiguration;
			buildSettings = {
				ALWAYS_SEARCH_USER_PATHS = NO;
				CLANG_CXX_LANGUAGE_STANDARD = "gnu++0x";
				CLANG_CXX_LIBRARY = "libc++";
				CLANG_ENABLE_MODULES = YES;
				CLANG_ENABLE_OBJC_ARC = YES;
				CLANG_WARN_BOOL_CONVERSION = YES;
				CLANG_WARN_CONSTANT_CONVERSION = YES;
				CLANG_WARN_DIRECT_OBJC_ISA_USAGE = YES_ERROR;
				CLANG_WARN_EMPTY_BODY = YES;
				CLANG_WARN_ENUM_CONVERSION = YES;
				CLANG_WARN_INT_CONVERSION = YES;
				CLANG_WARN_OBJC_ROOT_CLASS = YES_ERROR;
				CLANG_WARN__DUPLICATE_METHOD_MATCH = YES;
				"CODE_SIGN_IDENTITY[sdk=iphoneos*]" = "iPhone Developer";
				COPY_PHASE_STRIP = NO;
				GCC_C_LANGUAGE_STANDARD = gnu99;
				GCC_DYNAMIC_NO_PIC = NO;
				GCC_OPTIMIZATION_LEVEL = 0;
				GCC_PREPROCESSOR_DEFINITIONS = (
					"DEBUG=1",
					"$(inherited)",
				);
				GCC_SYMBOLS_PRIVATE_EXTERN = NO;
				GCC_WARN_64_TO_32_BIT_CONVERSION = YES;
				GCC_WARN_ABOUT_RETURN_TYPE = YES_ERROR;
				GCC_WARN_UNDECLARED_SELECTOR = YES;
				GCC_WARN_UNINITIALIZED_AUTOS = YES_AGGRESSIVE;
				GCC_WARN_UNUSED_FUNCTION = YES;
				GCC_WARN_UNUSED_VARIABLE = YES;
				IPHONEOS_DEPLOYMENT_TARGET = 7.1;
				ONLY_ACTIVE_ARCH = YES;
				SDKROOT = iphoneos;
				TARGETED_DEVICE_FAMILY = "1,2";
			};
			name = Debug;
		};
		6917282419CA29880036FC8D /* Release */ = {
			isa = XCBuildConfiguration;
			buildSettings = {
				ALWAYS_SEARCH_USER_PATHS = NO;
				CLANG_CXX_LANGUAGE_STANDARD = "gnu++0x";
				CLANG_CXX_LIBRARY = "libc++";
				CLANG_ENABLE_MODULES = YES;
				CLANG_ENABLE_OBJC_ARC = YES;
				CLANG_WARN_BOOL_CONVERSION = YES;
				CLANG_WARN_CONSTANT_CONVERSION = YES;
				CLANG_WARN_DIRECT_OBJC_ISA_USAGE = YES_ERROR;
				CLANG_WARN_EMPTY_BODY = YES;
				CLANG_WARN_ENUM_CONVERSION = YES;
				CLANG_WARN_INT_CONVERSION = YES;
				CLANG_WARN_OBJC_ROOT_CLASS = YES_ERROR;
				CLANG_WARN__DUPLICATE_METHOD_MATCH = YES;
				"CODE_SIGN_IDENTITY[sdk=iphoneos*]" = "iPhone Developer";
				COPY_PHASE_STRIP = YES;
				ENABLE_NS_ASSERTIONS = NO;
				GCC_C_LANGUAGE_STANDARD = gnu99;
				GCC_WARN_64_TO_32_BIT_CONVERSION = YES;
				GCC_WARN_ABOUT_RETURN_TYPE = YES_ERROR;
				GCC_WARN_UNDECLARED_SELECTOR = YES;
				GCC_WARN_UNINITIALIZED_AUTOS = YES_AGGRESSIVE;
				GCC_WARN_UNUSED_FUNCTION = YES;
				GCC_WARN_UNUSED_VARIABLE = YES;
				IPHONEOS_DEPLOYMENT_TARGET = 7.1;
				SDKROOT = iphoneos;
				TARGETED_DEVICE_FAMILY = "1,2";
				VALIDATE_PRODUCT = YES;
			};
			name = Release;
		};
		6917282619CA29880036FC8D /* Debug */ = {
			isa = XCBuildConfiguration;
			baseConfigurationReference = C6C232C8BE854B458918AC60 /* Pods.xcconfig */;
			buildSettings = {
				ASSETCATALOG_COMPILER_APPICON_NAME = AppIcon;
				ASSETCATALOG_COMPILER_LAUNCHIMAGE_NAME = LaunchImage;
				GCC_PRECOMPILE_PREFIX_HEADER = YES;
				GCC_PREFIX_HEADER = "rottenTomatoes/rottenTomatoes-Prefix.pch";
				INFOPLIST_FILE = "rottenTomatoes/rottenTomatoes-Info.plist";
				PRODUCT_NAME = "$(TARGET_NAME)";
				WRAPPER_EXTENSION = app;
			};
			name = Debug;
		};
		6917282719CA29880036FC8D /* Release */ = {
			isa = XCBuildConfiguration;
			baseConfigurationReference = C6C232C8BE854B458918AC60 /* Pods.xcconfig */;
			buildSettings = {
				ASSETCATALOG_COMPILER_APPICON_NAME = AppIcon;
				ASSETCATALOG_COMPILER_LAUNCHIMAGE_NAME = LaunchImage;
				GCC_PRECOMPILE_PREFIX_HEADER = YES;
				GCC_PREFIX_HEADER = "rottenTomatoes/rottenTomatoes-Prefix.pch";
				INFOPLIST_FILE = "rottenTomatoes/rottenTomatoes-Info.plist";
				PRODUCT_NAME = "$(TARGET_NAME)";
				WRAPPER_EXTENSION = app;
			};
			name = Release;
		};
		6917282919CA29880036FC8D /* Debug */ = {
			isa = XCBuildConfiguration;
			buildSettings = {
				BUNDLE_LOADER = "$(BUILT_PRODUCTS_DIR)/rottenTomatoes.app/rottenTomatoes";
				FRAMEWORK_SEARCH_PATHS = (
					"$(SDKROOT)/Developer/Library/Frameworks",
					"$(inherited)",
					"$(DEVELOPER_FRAMEWORKS_DIR)",
				);
				GCC_PRECOMPILE_PREFIX_HEADER = YES;
				GCC_PREFIX_HEADER = "rottenTomatoes/rottenTomatoes-Prefix.pch";
				GCC_PREPROCESSOR_DEFINITIONS = (
					"DEBUG=1",
					"$(inherited)",
				);
				INFOPLIST_FILE = "rottenTomatoesTests/rottenTomatoesTests-Info.plist";
				PRODUCT_NAME = "$(TARGET_NAME)";
				TEST_HOST = "$(BUNDLE_LOADER)";
				WRAPPER_EXTENSION = xctest;
			};
			name = Debug;
		};
		6917282A19CA29880036FC8D /* Release */ = {
			isa = XCBuildConfiguration;
			buildSettings = {
				BUNDLE_LOADER = "$(BUILT_PRODUCTS_DIR)/rottenTomatoes.app/rottenTomatoes";
				FRAMEWORK_SEARCH_PATHS = (
					"$(SDKROOT)/Developer/Library/Frameworks",
					"$(inherited)",
					"$(DEVELOPER_FRAMEWORKS_DIR)",
				);
				GCC_PRECOMPILE_PREFIX_HEADER = YES;
				GCC_PREFIX_HEADER = "rottenTomatoes/rottenTomatoes-Prefix.pch";
				INFOPLIST_FILE = "rottenTomatoesTests/rottenTomatoesTests-Info.plist";
				PRODUCT_NAME = "$(TARGET_NAME)";
				TEST_HOST = "$(BUNDLE_LOADER)";
				WRAPPER_EXTENSION = xctest;
			};
			name = Release;
		};
/* End XCBuildConfiguration section */

/* Begin XCConfigurationList section */
		691727F419CA29880036FC8D /* Build configuration list for PBXProject "rottenTomatoes" */ = {
			isa = XCConfigurationList;
			buildConfigurations = (
				6917282319CA29880036FC8D /* Debug */,
				6917282419CA29880036FC8D /* Release */,
			);
			defaultConfigurationIsVisible = 0;
			defaultConfigurationName = Release;
		};
		6917282519CA29880036FC8D /* Build configuration list for PBXNativeTarget "rottenTomatoes" */ = {
			isa = XCConfigurationList;
			buildConfigurations = (
				6917282619CA29880036FC8D /* Debug */,
				6917282719CA29880036FC8D /* Release */,
			);
			defaultConfigurationIsVisible = 0;
			defaultConfigurationName = Release;
		};
		6917282819CA29880036FC8D /* Build configuration list for PBXNativeTarget "rottenTomatoesTests" */ = {
			isa = XCConfigurationList;
			buildConfigurations = (
				6917282919CA29880036FC8D /* Debug */,
				6917282A19CA29880036FC8D /* Release */,
			);
			defaultConfigurationIsVisible = 0;
			defaultConfigurationName = Release;
		};
/* End XCConfigurationList section */
	};
	rootObject = 691727F119CA29880036FC8D /* Project object */;
}
